
Microsoft Visual Studio Solution File, Format Version 12.00
# Visual Studio Version 17
VisualStudioVersion = 17.5.002.0
MinimumVisualStudioVersion = 10.0.40219.1
Project("{9A19103F-16F7-4668-BE54-9A1E7A4F7556}") = "BoosterRaise", "BoosterRaise.csproj", "{E796964E-7F03-4EEA-955D-5AF42C862666}"
EndProject
Global
	GlobalSection(SolutionConfigurationPlatforms) = preSolution
		Debug|Any CPU = Debug|Any CPU
		Release|Any CPU = Release|Any CPU
	EndGlobalSection
	GlobalSection(ProjectConfigurationPlatforms) = postSolution
		{E796964E-7F03-4EEA-955D-5AF42C862666}.Debug|Any CPU.ActiveCfg = Debug|Any CPU
		{E796964E-7F03-4EEA-955D-5AF42C862666}.Debug|Any CPU.Build.0 = Debug|Any CPU
		{E796964E-7F03-4EEA-955D-5AF42C862666}.Release|Any CPU.ActiveCfg = Release|Any CPU
		{E796964E-7F03-4EEA-955D-5AF42C862666}.Release|Any CPU.Build.0 = Release|Any CPU
	EndGlobalSection
	GlobalSection(SolutionProperties) = preSolution
		HideSolutionNode = FALSE
	EndGlobalSection
	GlobalSection(ExtensibilityGlobals) = postSolution
		SolutionGuid = {C0D468B9-D723-452A-A75A-2CBD1545C117}
	EndGlobalSection
EndGlobal
